// !$*UTF8*$!
{
	archiveVersion = 1;
	classes = {
	};
	objectVersion = 50;
	objects = {

/* Begin PBXBuildFile section */
		2FC13226241C0924009A7576 /* AppDelegate.swift in Sources */ = {isa = PBXBuildFile; fileRef = 2FC13225241C0924009A7576 /* AppDelegate.swift */; };
		2FC13228241C0924009A7576 /* SceneDelegate.swift in Sources */ = {isa = PBXBuildFile; fileRef = 2FC13227241C0924009A7576 /* SceneDelegate.swift */; };
		2FC1322A241C0924009A7576 /* ViewController.swift in Sources */ = {isa = PBXBuildFile; fileRef = 2FC13229241C0924009A7576 /* ViewController.swift */; };
		2FC1322D241C0924009A7576 /* Main.storyboard in Resources */ = {isa = PBXBuildFile; fileRef = 2FC1322B241C0924009A7576 /* Main.storyboard */; };
		2FC13230241C0924009A7576 /* Habits.xcdatamodeld in Sources */ = {isa = PBXBuildFile; fileRef = 2FC1322E241C0924009A7576 /* Habits.xcdatamodeld */; };
		2FC13232241C0926009A7576 /* Assets.xcassets in Resources */ = {isa = PBXBuildFile; fileRef = 2FC13231241C0926009A7576 /* Assets.xcassets */; };
		2FC13235241C0926009A7576 /* LaunchScreen.storyboard in Resources */ = {isa = PBXBuildFile; fileRef = 2FC13233241C0926009A7576 /* LaunchScreen.storyboard */; };
		2FC13240241C0927009A7576 /* HabitsTests.swift in Sources */ = {isa = PBXBuildFile; fileRef = 2FC1323F241C0927009A7576 /* HabitsTests.swift */; };
		2FC1324B241C0927009A7576 /* HabitsUITests.swift in Sources */ = {isa = PBXBuildFile; fileRef = 2FC1324A241C0927009A7576 /* HabitsUITests.swift */; };
/* End PBXBuildFile section */

/* Begin PBXContainerItemProxy section */
		2FC1323C241C0927009A7576 /* PBXContainerItemProxy */ = {
			isa = PBXContainerItemProxy;
			containerPortal = 2FC1321A241C0924009A7576 /* Project object */;
			proxyType = 1;
			remoteGlobalIDString = 2FC13221241C0924009A7576;
			remoteInfo = Habits;
		};
		2FC13247241C0927009A7576 /* PBXContainerItemProxy */ = {
			isa = PBXContainerItemProxy;
			containerPortal = 2FC1321A241C0924009A7576 /* Project object */;
			proxyType = 1;
			remoteGlobalIDString = 2FC13221241C0924009A7576;
			remoteInfo = Habits;
		};
/* End PBXContainerItemProxy section */

/* Begin PBXFileReference section */
		2FC13222241C0924009A7576 /* Habits.app */ = {isa = PBXFileReference; explicitFileType = wrapper.application; includeInIndex = 0; path = Habits.app; sourceTree = BUILT_PRODUCTS_DIR; };
		2FC13225241C0924009A7576 /* AppDelegate.swift */ = {isa = PBXFileReference; lastKnownFileType = sourcecode.swift; path = AppDelegate.swift; sourceTree = "<group>"; };
		2FC13227241C0924009A7576 /* SceneDelegate.swift */ = {isa = PBXFileReference; lastKnownFileType = sourcecode.swift; path = SceneDelegate.swift; sourceTree = "<group>"; };
		2FC13229241C0924009A7576 /* ViewController.swift */ = {isa = PBXFileReference; lastKnownFileType = sourcecode.swift; path = ViewController.swift; sourceTree = "<group>"; };
		2FC1322C241C0924009A7576 /* Base */ = {isa = PBXFileReference; lastKnownFileType = file.storyboard; name = Base; path = Base.lproj/Main.storyboard; sourceTree = "<group>"; };
		2FC1322F241C0924009A7576 /* Habits.xcdatamodel */ = {isa = PBXFileReference; lastKnownFileType = wrapper.xcdatamodel; path = Habits.xcdatamodel; sourceTree = "<group>"; };
		2FC13231241C0926009A7576 /* Assets.xcassets */ = {isa = PBXFileReference; lastKnownFileType = folder.assetcatalog; path = Assets.xcassets; sourceTree = "<group>"; };
		2FC13234241C0926009A7576 /* Base */ = {isa = PBXFileReference; lastKnownFileType = file.storyboard; name = Base; path = Base.lproj/LaunchScreen.storyboard; sourceTree = "<group>"; };
		2FC13236241C0926009A7576 /* Info.plist */ = {isa = PBXFileReference; lastKnownFileType = text.plist.xml; path = Info.plist; sourceTree = "<group>"; };
		2FC1323B241C0927009A7576 /* HabitsTests.xctest */ = {isa = PBXFileReference; explicitFileType = wrapper.cfbundle; includeInIndex = 0; path = HabitsTests.xctest; sourceTree = BUILT_PRODUCTS_DIR; };
		2FC1323F241C0927009A7576 /* HabitsTests.swift */ = {isa = PBXFileReference; lastKnownFileType = sourcecode.swift; path = HabitsTests.swift; sourceTree = "<group>"; };
		2FC13241241C0927009A7576 /* Info.plist */ = {isa = PBXFileReference; lastKnownFileType = text.plist.xml; path = Info.plist; sourceTree = "<group>"; };
		2FC13246241C0927009A7576 /* HabitsUITests.xctest */ = {isa = PBXFileReference; explicitFileType = wrapper.cfbundle; includeInIndex = 0; path = HabitsUITests.xctest; sourceTree = BUILT_PRODUCTS_DIR; };
		2FC1324A241C0927009A7576 /* HabitsUITests.swift */ = {isa = PBXFileReference; lastKnownFileType = sourcecode.swift; path = HabitsUITests.swift; sourceTree = "<group>"; };
		2FC1324C241C0927009A7576 /* Info.plist */ = {isa = PBXFileReference; lastKnownFileType = text.plist.xml; path = Info.plist; sourceTree = "<group>"; };
/* End PBXFileReference section */

/* Begin PBXFrameworksBuildPhase section */
		2FC1321F241C0924009A7576 /* Frameworks */ = {
			isa = PBXFrameworksBuildPhase;
			buildActionMask = 2147483647;
			files = (
			);
			runOnlyForDeploymentPostprocessing = 0;
		};
		2FC13238241C0927009A7576 /* Frameworks */ = {
			isa = PBXFrameworksBuildPhase;
			buildActionMask = 2147483647;
			files = (
			);
			runOnlyForDeploymentPostprocessing = 0;
		};
		2FC13243241C0927009A7576 /* Frameworks */ = {
			isa = PBXFrameworksBuildPhase;
			buildActionMask = 2147483647;
			files = (
			);
			runOnlyForDeploymentPostprocessing = 0;
		};
/* End PBXFrameworksBuildPhase section */

/* Begin PBXGroup section */
		2FC13219241C0924009A7576 = {
			isa = PBXGroup;
			children = (
				2FC13224241C0924009A7576 /* Habits */,
				2FC1323E241C0927009A7576 /* HabitsTests */,
				2FC13249241C0927009A7576 /* HabitsUITests */,
				2FC13223241C0924009A7576 /* Products */,
			);
			sourceTree = "<group>";
		};
		2FC13223241C0924009A7576 /* Products */ = {
			isa = PBXGroup;
			children = (
				2FC13222241C0924009A7576 /* Habits.app */,
				2FC1323B241C0927009A7576 /* HabitsTests.xctest */,
				2FC13246241C0927009A7576 /* HabitsUITests.xctest */,
			);
			name = Products;
			sourceTree = "<group>";
		};
		2FC13224241C0924009A7576 /* Habits */ = {
			isa = PBXGroup;
			children = (
				2FC13225241C0924009A7576 /* AppDelegate.swift */,
				2FC13227241C0924009A7576 /* SceneDelegate.swift */,
				2FC13229241C0924009A7576 /* ViewController.swift */,
				2FC1322B241C0924009A7576 /* Main.storyboard */,
				2FC13231241C0926009A7576 /* Assets.xcassets */,
				2FC13233241C0926009A7576 /* LaunchScreen.storyboard */,
				2FC13236241C0926009A7576 /* Info.plist */,
				2FC1322E241C0924009A7576 /* Habits.xcdatamodeld */,
			);
			path = Habits;
			sourceTree = "<group>";
		};
		2FC1323E241C0927009A7576 /* HabitsTests */ = {
			isa = PBXGroup;
			children = (
				2FC1323F241C0927009A7576 /* HabitsTests.swift */,
				2FC13241241C0927009A7576 /* Info.plist */,
			);
			path = HabitsTests;
			sourceTree = "<group>";
		};
		2FC13249241C0927009A7576 /* HabitsUITests */ = {
			isa = PBXGroup;
			children = (
				2FC1324A241C0927009A7576 /* HabitsUITests.swift */,
				2FC1324C241C0927009A7576 /* Info.plist */,
			);
			path = HabitsUITests;
			sourceTree = "<group>";
		};
/* End PBXGroup section */

/* Begin PBXNativeTarget section */
		2FC13221241C0924009A7576 /* Habits */ = {
			isa = PBXNativeTarget;
			buildConfigurationList = 2FC1324F241C0927009A7576 /* Build configuration list for PBXNativeTarget "Habits" */;
			buildPhases = (
				2FC1321E241C0924009A7576 /* Sources */,
				2FC1321F241C0924009A7576 /* Frameworks */,
				2FC13220241C0924009A7576 /* Resources */,
			);
			buildRules = (
			);
			dependencies = (
			);
			name = Habits;
			productName = Habits;
			productReference = 2FC13222241C0924009A7576 /* Habits.app */;
			productType = "com.apple.product-type.application";
		};
		2FC1323A241C0927009A7576 /* HabitsTests */ = {
			isa = PBXNativeTarget;
			buildConfigurationList = 2FC13252241C0927009A7576 /* Build configuration list for PBXNativeTarget "HabitsTests" */;
			buildPhases = (
				2FC13237241C0927009A7576 /* Sources */,
				2FC13238241C0927009A7576 /* Frameworks */,
				2FC13239241C0927009A7576 /* Resources */,
			);
			buildRules = (
			);
			dependencies = (
				2FC1323D241C0927009A7576 /* PBXTargetDependency */,
			);
			name = HabitsTests;
			productName = HabitsTests;
			productReference = 2FC1323B241C0927009A7576 /* HabitsTests.xctest */;
			productType = "com.apple.product-type.bundle.unit-test";
		};
		2FC13245241C0927009A7576 /* HabitsUITests */ = {
			isa = PBXNativeTarget;
			buildConfigurationList = 2FC13255241C0927009A7576 /* Build configuration list for PBXNativeTarget "HabitsUITests" */;
			buildPhases = (
				2FC13242241C0927009A7576 /* Sources */,
				2FC13243241C0927009A7576 /* Frameworks */,
				2FC13244241C0927009A7576 /* Resources */,
			);
			buildRules = (
			);
			dependencies = (
				2FC13248241C0927009A7576 /* PBXTargetDependency */,
			);
			name = HabitsUITests;
			productName = HabitsUITests;
			productReference = 2FC13246241C0927009A7576 /* HabitsUITests.xctest */;
			productType = "com.apple.product-type.bundle.ui-testing";
		};
/* End PBXNativeTarget section */

/* Begin PBXProject section */
		2FC1321A241C0924009A7576 /* Project object */ = {
			isa = PBXProject;
			attributes = {
				LastSwiftUpdateCheck = 1130;
				LastUpgradeCheck = 1130;
				ORGANIZATIONNAME = "Mario Hahn";
				TargetAttributes = {
					2FC13221241C0924009A7576 = {
						CreatedOnToolsVersion = 11.3.1;
					};
					2FC1323A241C0927009A7576 = {
						CreatedOnToolsVersion = 11.3.1;
						TestTargetID = 2FC13221241C0924009A7576;
					};
					2FC13245241C0927009A7576 = {
						CreatedOnToolsVersion = 11.3.1;
						TestTargetID = 2FC13221241C0924009A7576;
					};
				};
			};
			buildConfigurationList = 2FC1321D241C0924009A7576 /* Build configuration list for PBXProject "Habits" */;
			compatibilityVersion = "Xcode 9.3";
			developmentRegion = en;
			hasScannedForEncodings = 0;
			knownRegions = (
				en,
				Base,
			);
			mainGroup = 2FC13219241C0924009A7576;
			productRefGroup = 2FC13223241C0924009A7576 /* Products */;
			projectDirPath = "";
			projectRoot = "";
			targets = (
				2FC13221241C0924009A7576 /* Habits */,
				2FC1323A241C0927009A7576 /* HabitsTests */,
				2FC13245241C0927009A7576 /* HabitsUITests */,
			);
		};
/* End PBXProject section */

/* Begin PBXResourcesBuildPhase section */
		2FC13220241C0924009A7576 /* Resources */ = {
			isa = PBXResourcesBuildPhase;
			buildActionMask = 2147483647;
			files = (
				2FC13235241C0926009A7576 /* LaunchScreen.storyboard in Resources */,
				2FC13232241C0926009A7576 /* Assets.xcassets in Resources */,
				2FC1322D241C0924009A7576 /* Main.storyboard in Resources */,
			);
			runOnlyForDeploymentPostprocessing = 0;
		};
		2FC13239241C0927009A7576 /* Resources */ = {
			isa = PBXResourcesBuildPhase;
			buildActionMask = 2147483647;
			files = (
			);
			runOnlyForDeploymentPostprocessing = 0;
		};
		2FC13244241C0927009A7576 /* Resources */ = {
			isa = PBXResourcesBuildPhase;
			buildActionMask = 2147483647;
			files = (
			);
			runOnlyForDeploymentPostprocessing = 0;
		};
/* End PBXResourcesBuildPhase section */

/* Begin PBXSourcesBuildPhase section */
		2FC1321E241C0924009A7576 /* Sources */ = {
			isa = PBXSourcesBuildPhase;
			buildActionMask = 2147483647;
			files = (
				2FC1322A241C0924009A7576 /* ViewController.swift in Sources */,
				2FC13226241C0924009A7576 /* AppDelegate.swift in Sources */,
				2FC13230241C0924009A7576 /* Habits.xcdatamodeld in Sources */,
				2FC13228241C0924009A7576 /* SceneDelegate.swift in Sources */,
			);
			runOnlyForDeploymentPostprocessing = 0;
		};
		2FC13237241C0927009A7576 /* Sources */ = {
			isa = PBXSourcesBuildPhase;
			buildActionMask = 2147483647;
			files = (
				2FC13240241C0927009A7576 /* HabitsTests.swift in Sources */,
			);
			runOnlyForDeploymentPostprocessing = 0;
		};
		2FC13242241C0927009A7576 /* Sources */ = {
			isa = PBXSourcesBuildPhase;
			buildActionMask = 2147483647;
			files = (
				2FC1324B241C0927009A7576 /* HabitsUITests.swift in Sources */,
			);
			runOnlyForDeploymentPostprocessing = 0;
		};
/* End PBXSourcesBuildPhase section */

/* Begin PBXTargetDependency section */
		2FC1323D241C0927009A7576 /* PBXTargetDependency */ = {
			isa = PBXTargetDependency;
			target = 2FC13221241C0924009A7576 /* Habits */;
			targetProxy = 2FC1323C241C0927009A7576 /* PBXContainerItemProxy */;
		};
		2FC13248241C0927009A7576 /* PBXTargetDependency */ = {
			isa = PBXTargetDependency;
			target = 2FC13221241C0924009A7576 /* Habits */;
			targetProxy = 2FC13247241C0927009A7576 /* PBXContainerItemProxy */;
		};
/* End PBXTargetDependency section */

/* Begin PBXVariantGroup section */
		2FC1322B241C0924009A7576 /* Main.storyboard */ = {
			isa = PBXVariantGroup;
			children = (
				2FC1322C241C0924009A7576 /* Base */,
			);
			name = Main.storyboard;
			sourceTree = "<group>";
		};
		2FC13233241C0926009A7576 /* LaunchScreen.storyboard */ = {
			isa = PBXVariantGroup;
			children = (
				2FC13234241C0926009A7576 /* Base */,
			);
			name = LaunchScreen.storyboard;
			sourceTree = "<group>";
		};
/* End PBXVariantGroup section */

/* Begin XCBuildConfiguration section */
		2FC1324D241C0927009A7576 /* Debug */ = {
			isa = XCBuildConfiguration;
			buildSettings = {
				ALWAYS_SEARCH_USER_PATHS = NO;
				CLANG_ANALYZER_NONNULL = YES;
				CLANG_ANALYZER_NUMBER_OBJECT_CONVERSION = YES_AGGRESSIVE;
				CLANG_CXX_LANGUAGE_STANDARD = "gnu++14";
				CLANG_CXX_LIBRARY = "libc++";
				CLANG_ENABLE_MODULES = YES;
				CLANG_ENABLE_OBJC_ARC = YES;
				CLANG_ENABLE_OBJC_WEAK = YES;
				CLANG_WARN_BLOCK_CAPTURE_AUTORELEASING = YES;
				CLANG_WARN_BOOL_CONVERSION = YES;
				CLANG_WARN_COMMA = YES;
				CLANG_WARN_CONSTANT_CONVERSION = YES;
				CLANG_WARN_DEPRECATED_OBJC_IMPLEMENTATIONS = YES;
				CLANG_WARN_DIRECT_OBJC_ISA_USAGE = YES_ERROR;
				CLANG_WARN_DOCUMENTATION_COMMENTS = YES;
				CLANG_WARN_EMPTY_BODY = YES;
				CLANG_WARN_ENUM_CONVERSION = YES;
				CLANG_WARN_INFINITE_RECURSION = YES;
				CLANG_WARN_INT_CONVERSION = YES;
				CLANG_WARN_NON_LITERAL_NULL_CONVERSION = YES;
				CLANG_WARN_OBJC_IMPLICIT_RETAIN_SELF = YES;
				CLANG_WARN_OBJC_LITERAL_CONVERSION = YES;
				CLANG_WARN_OBJC_ROOT_CLASS = YES_ERROR;
				CLANG_WARN_RANGE_LOOP_ANALYSIS = YES;
				CLANG_WARN_STRICT_PROTOTYPES = YES;
				CLANG_WARN_SUSPICIOUS_MOVE = YES;
				CLANG_WARN_UNGUARDED_AVAILABILITY = YES_AGGRESSIVE;
				CLANG_WARN_UNREACHABLE_CODE = YES;
				CLANG_WARN__DUPLICATE_METHOD_MATCH = YES;
				COPY_PHASE_STRIP = NO;
				DEBUG_INFORMATION_FORMAT = dwarf;
				ENABLE_STRICT_OBJC_MSGSEND = YES;
				ENABLE_TESTABILITY = YES;
				GCC_C_LANGUAGE_STANDARD = gnu11;
				GCC_DYNAMIC_NO_PIC = NO;
				GCC_NO_COMMON_BLOCKS = YES;
				GCC_OPTIMIZATION_LEVEL = 0;
				GCC_PREPROCESSOR_DEFINITIONS = (
					"DEBUG=1",
					"$(inherited)",
				);
				GCC_WARN_64_TO_32_BIT_CONVERSION = YES;
				GCC_WARN_ABOUT_RETURN_TYPE = YES_ERROR;
				GCC_WARN_UNDECLARED_SELECTOR = YES;
				GCC_WARN_UNINITIALIZED_AUTOS = YES_AGGRESSIVE;
				GCC_WARN_UNUSED_FUNCTION = YES;
				GCC_WARN_UNUSED_VARIABLE = YES;
				IPHONEOS_DEPLOYMENT_TARGET = 13.2;
				MTL_ENABLE_DEBUG_INFO = INCLUDE_SOURCE;
				MTL_FAST_MATH = YES;
				ONLY_ACTIVE_ARCH = YES;
				SDKROOT = iphoneos;
				SWIFT_ACTIVE_COMPILATION_CONDITIONS = DEBUG;
				SWIFT_OPTIMIZATION_LEVEL = "-Onone";
			};
			name = Debug;
		};
		2FC1324E241C0927009A7576 /* Release */ = {
			isa = XCBuildConfiguration;
			buildSettings = {
				ALWAYS_SEARCH_USER_PATHS = NO;
				CLANG_ANALYZER_NONNULL = YES;
				CLANG_ANALYZER_NUMBER_OBJECT_CONVERSION = YES_AGGRESSIVE;
				CLANG_CXX_LANGUAGE_STANDARD = "gnu++14";
				CLANG_CXX_LIBRARY = "libc++";
				CLANG_ENABLE_MODULES = YES;
				CLANG_ENABLE_OBJC_ARC = YES;
				CLANG_ENABLE_OBJC_WEAK = YES;
				CLANG_WARN_BLOCK_CAPTURE_AUTORELEASING = YES;
				CLANG_WARN_BOOL_CONVERSION = YES;
				CLANG_WARN_COMMA = YES;
				CLANG_WARN_CONSTANT_CONVERSION = YES;
				CLANG_WARN_DEPRECATED_OBJC_IMPLEMENTATIONS = YES;
				CLANG_WARN_DIRECT_OBJC_ISA_USAGE = YES_ERROR;
				CLANG_WARN_DOCUMENTATION_COMMENTS = YES;
				CLANG_WARN_EMPTY_BODY = YES;
				CLANG_WARN_ENUM_CONVERSION = YES;
				CLANG_WARN_INFINITE_RECURSION = YES;
				CLANG_WARN_INT_CONVERSION = YES;
				CLANG_WARN_NON_LITERAL_NULL_CONVERSION = YES;
				CLANG_WARN_OBJC_IMPLICIT_RETAIN_SELF = YES;
				CLANG_WARN_OBJC_LITERAL_CONVERSION = YES;
				CLANG_WARN_OBJC_ROOT_CLASS = YES_ERROR;
				CLANG_WARN_RANGE_LOOP_ANALYSIS = YES;
				CLANG_WARN_STRICT_PROTOTYPES = YES;
				CLANG_WARN_SUSPICIOUS_MOVE = YES;
				CLANG_WARN_UNGUARDED_AVAILABILITY = YES_AGGRESSIVE;
				CLANG_WARN_UNREACHABLE_CODE = YES;
				CLANG_WARN__DUPLICATE_METHOD_MATCH = YES;
				COPY_PHASE_STRIP = NO;
				DEBUG_INFORMATION_FORMAT = "dwarf-with-dsym";
				ENABLE_NS_ASSERTIONS = NO;
				ENABLE_STRICT_OBJC_MSGSEND = YES;
				GCC_C_LANGUAGE_STANDARD = gnu11;
				GCC_NO_COMMON_BLOCKS = YES;
				GCC_WARN_64_TO_32_BIT_CONVERSION = YES;
				GCC_WARN_ABOUT_RETURN_TYPE = YES_ERROR;
				GCC_WARN_UNDECLARED_SELECTOR = YES;
				GCC_WARN_UNINITIALIZED_AUTOS = YES_AGGRESSIVE;
				GCC_WARN_UNUSED_FUNCTION = YES;
				GCC_WARN_UNUSED_VARIABLE = YES;
				IPHONEOS_DEPLOYMENT_TARGET = 13.2;
				MTL_ENABLE_DEBUG_INFO = NO;
				MTL_FAST_MATH = YES;
				SDKROOT = iphoneos;
				SWIFT_COMPILATION_MODE = wholemodule;
				SWIFT_OPTIMIZATION_LEVEL = "-O";
				VALIDATE_PRODUCT = YES;
			};
			name = Release;
		};
		2FC13250241C0927009A7576 /* Debug */ = {
			isa = XCBuildConfiguration;
			buildSettings = {
				ASSETCATALOG_COMPILER_APPICON_NAME = AppIcon;
				CODE_SIGN_STYLE = Automatic;
				INFOPLIST_FILE = Habits/Info.plist;
				LD_RUNPATH_SEARCH_PATHS = (
					"$(inherited)",
					"@executable_path/Frameworks",
				);
				PRODUCT_BUNDLE_IDENTIFIER = at.mh.Habits;
				PRODUCT_NAME = "$(TARGET_NAME)";
				SWIFT_VERSION = 5.0;
				TARGETED_DEVICE_FAMILY = "1,2";
			};
			name = Debug;
		};
		2FC13251241C0927009A7576 /* Release */ = {
			isa = XCBuildConfiguration;
			buildSettings = {
				ASSETCATALOG_COMPILER_APPICON_NAME = AppIcon;
				CODE_SIGN_STYLE = Automatic;
				INFOPLIST_FILE = Habits/Info.plist;
				LD_RUNPATH_SEARCH_PATHS = (
					"$(inherited)",
					"@executable_path/Frameworks",
				);
				PRODUCT_BUNDLE_IDENTIFIER = at.mh.Habits;
				PRODUCT_NAME = "$(TARGET_NAME)";
				SWIFT_VERSION = 5.0;
				TARGETED_DEVICE_FAMILY = "1,2";
			};
			name = Release;
		};
		2FC13253241C0927009A7576 /* Debug */ = {
			isa = XCBuildConfiguration;
			buildSettings = {
				ALWAYS_EMBED_SWIFT_STANDARD_LIBRARIES = YES;
				BUNDLE_LOADER = "$(TEST_HOST)";
				CODE_SIGN_STYLE = Automatic;
				INFOPLIST_FILE = HabitsTests/Info.plist;
				IPHONEOS_DEPLOYMENT_TARGET = 13.2;
				LD_RUNPATH_SEARCH_PATHS = (
					"$(inherited)",
					"@executable_path/Frameworks",
					"@loader_path/Frameworks",
				);
				PRODUCT_BUNDLE_IDENTIFIER = at.mh.HabitsTests;
				PRODUCT_NAME = "$(TARGET_NAME)";
				SWIFT_VERSION = 5.0;
				TARGETED_DEVICE_FAMILY = "1,2";
				TEST_HOST = "$(BUILT_PRODUCTS_DIR)/Habits.app/Habits";
			};
			name = Debug;
		};
		2FC13254241C0927009A7576 /* Release */ = {
			isa = XCBuildConfiguration;
			buildSettings = {
				ALWAYS_EMBED_SWIFT_STANDARD_LIBRARIES = YES;
				BUNDLE_LOADER = "$(TEST_HOST)";
				CODE_SIGN_STYLE = Automatic;
				INFOPLIST_FILE = HabitsTests/Info.plist;
				IPHONEOS_DEPLOYMENT_TARGET = 13.2;
				LD_RUNPATH_SEARCH_PATHS = (
					"$(inherited)",
					"@executable_path/Frameworks",
					"@loader_path/Frameworks",
				);
				PRODUCT_BUNDLE_IDENTIFIER = at.mh.HabitsTests;
				PRODUCT_NAME = "$(TARGET_NAME)";
				SWIFT_VERSION = 5.0;
				TARGETED_DEVICE_FAMILY = "1,2";
				TEST_HOST = "$(BUILT_PRODUCTS_DIR)/Habits.app/Habits";
			};
			name = Release;
		};
		2FC13256241C0927009A7576 /* Debug */ = {
			isa = XCBuildConfiguration;
			buildSettings = {
				ALWAYS_EMBED_SWIFT_STANDARD_LIBRARIES = YES;
				CODE_SIGN_STYLE = Automatic;
				INFOPLIST_FILE = HabitsUITests/Info.plist;
				LD_RUNPATH_SEARCH_PATHS = (
					"$(inherited)",
					"@executable_path/Frameworks",
					"@loader_path/Frameworks",
				);
				PRODUCT_BUNDLE_IDENTIFIER = at.mh.HabitsUITests;
				PRODUCT_NAME = "$(TARGET_NAME)";
				SWIFT_VERSION = 5.0;
				TARGETED_DEVICE_FAMILY = "1,2";
				TEST_TARGET_NAME = Habits;
			};
			name = Debug;
		};
		2FC13257241C0927009A7576 /* Release */ = {
			isa = XCBuildConfiguration;
			buildSettings = {
				ALWAYS_EMBED_SWIFT_STANDARD_LIBRARIES = YES;
				CODE_SIGN_STYLE = Automatic;
				INFOPLIST_FILE = HabitsUITests/Info.plist;
				LD_RUNPATH_SEARCH_PATHS = (
					"$(inherited)",
					"@executable_path/Frameworks",
					"@loader_path/Frameworks",
				);
				PRODUCT_BUNDLE_IDENTIFIER = at.mh.HabitsUITests;
				PRODUCT_NAME = "$(TARGET_NAME)";
				SWIFT_VERSION = 5.0;
				TARGETED_DEVICE_FAMILY = "1,2";
				TEST_TARGET_NAME = Habits;
			};
			name = Release;
		};
/* End XCBuildConfiguration section */

/* Begin XCConfigurationList section */
		2FC1321D241C0924009A7576 /* Build configuration list for PBXProject "Habits" */ = {
			isa = XCConfigurationList;
			buildConfigurations = (
				2FC1324D241C0927009A7576 /* Debug */,
				2FC1324E241C0927009A7576 /* Release */,
			);
			defaultConfigurationIsVisible = 0;
			defaultConfigurationName = Release;
		};
		2FC1324F241C0927009A7576 /* Build configuration list for PBXNativeTarget "Habits" */ = {
			isa = XCConfigurationList;
			buildConfigurations = (
				2FC13250241C0927009A7576 /* Debug */,
				2FC13251241C0927009A7576 /* Release */,
			);
			defaultConfigurationIsVisible = 0;
			defaultConfigurationName = Release;
		};
		2FC13252241C0927009A7576 /* Build configuration list for PBXNativeTarget "HabitsTests" */ = {
			isa = XCConfigurationList;
			buildConfigurations = (
				2FC13253241C0927009A7576 /* Debug */,
				2FC13254241C0927009A7576 /* Release */,
			);
			defaultConfigurationIsVisible = 0;
			defaultConfigurationName = Release;
		};
		2FC13255241C0927009A7576 /* Build configuration list for PBXNativeTarget "HabitsUITests" */ = {
			isa = XCConfigurationList;
			buildConfigurations = (
				2FC13256241C0927009A7576 /* Debug */,
				2FC13257241C0927009A7576 /* Release */,
			);
			defaultConfigurationIsVisible = 0;
			defaultConfigurationName = Release;
		};
/* End XCConfigurationList section */

/* Begin XCVersionGroup section */
		2FC1322E241C0924009A7576 /* Habits.xcdatamodeld */ = {
			isa = XCVersionGroup;
			children = (
				2FC1322F241C0924009A7576 /* Habits.xcdatamodel */,
			);
			currentVersion = 2FC1322F241C0924009A7576 /* Habits.xcdatamodel */;
			path = Habits.xcdatamodeld;
			sourceTree = "<group>";
			versionGroupType = wrapper.xcdatamodel;
		};
/* End XCVersionGroup section */
	};
	rootObject = 2FC1321A241C0924009A7576 /* Project object */;
}
